// !$*UTF8*$!
{
	archiveVersion = 1;
	classes = {
	};
	objectVersion = 46;
	objects = {

/* Begin PBXBuildFile section */
		7EAE25F61C3F343A00F3544F /* AppDelegate.swift in Sources */ = {isa = PBXBuildFile; fileRef = 7EAE25F51C3F343A00F3544F /* AppDelegate.swift */; };
		7EAE25F81C3F343A00F3544F /* ViewController.swift in Sources */ = {isa = PBXBuildFile; fileRef = 7EAE25F71C3F343A00F3544F /* ViewController.swift */; };
		7EAE25FB1C3F343A00F3544F /* Main.storyboard in Resources */ = {isa = PBXBuildFile; fileRef = 7EAE25F91C3F343A00F3544F /* Main.storyboard */; };
		7EAE25FD1C3F343A00F3544F /* Assets.xcassets in Resources */ = {isa = PBXBuildFile; fileRef = 7EAE25FC1C3F343A00F3544F /* Assets.xcassets */; };
		7EAE26001C3F343A00F3544F /* LaunchScreen.storyboard in Resources */ = {isa = PBXBuildFile; fileRef = 7EAE25FE1C3F343A00F3544F /* LaunchScreen.storyboard */; };
		7EAE260B1C3F343A00F3544F /* app1Tests.swift in Sources */ = {isa = PBXBuildFile; fileRef = 7EAE260A1C3F343A00F3544F /* app1Tests.swift */; };
		7EAE26161C3F343A00F3544F /* app1UITests.swift in Sources */ = {isa = PBXBuildFile; fileRef = 7EAE26151C3F343A00F3544F /* app1UITests.swift */; };
/* End PBXBuildFile section */

/* Begin PBXContainerItemProxy section */
		7EAE26071C3F343A00F3544F /* PBXContainerItemProxy */ = {
			isa = PBXContainerItemProxy;
			containerPortal = 7EAE25EA1C3F343900F3544F /* Project object */;
			proxyType = 1;
			remoteGlobalIDString = 7EAE25F11C3F343900F3544F;
			remoteInfo = app1;
		};
		7EAE26121C3F343A00F3544F /* PBXContainerItemProxy */ = {
			isa = PBXContainerItemProxy;
			containerPortal = 7EAE25EA1C3F343900F3544F /* Project object */;
			proxyType = 1;
			remoteGlobalIDString = 7EAE25F11C3F343900F3544F;
			remoteInfo = app1;
		};
/* End PBXContainerItemProxy section */

/* Begin PBXFileReference section */
		7EAE25F21C3F343A00F3544F /* app1.app */ = {isa = PBXFileReference; explicitFileType = wrapper.application; includeInIndex = 0; path = app1.app; sourceTree = BUILT_PRODUCTS_DIR; };
		7EAE25F51C3F343A00F3544F /* AppDelegate.swift */ = {isa = PBXFileReference; lastKnownFileType = sourcecode.swift; path = AppDelegate.swift; sourceTree = "<group>"; };
		7EAE25F71C3F343A00F3544F /* ViewController.swift */ = {isa = PBXFileReference; lastKnownFileType = sourcecode.swift; path = ViewController.swift; sourceTree = "<group>"; };
		7EAE25FA1C3F343A00F3544F /* Base */ = {isa = PBXFileReference; lastKnownFileType = file.storyboard; name = Base; path = Base.lproj/Main.storyboard; sourceTree = "<group>"; };
		7EAE25FC1C3F343A00F3544F /* Assets.xcassets */ = {isa = PBXFileReference; lastKnownFileType = folder.assetcatalog; path = Assets.xcassets; sourceTree = "<group>"; };
		7EAE25FF1C3F343A00F3544F /* Base */ = {isa = PBXFileReference; lastKnownFileType = file.storyboard; name = Base; path = Base.lproj/LaunchScreen.storyboard; sourceTree = "<group>"; };
		7EAE26011C3F343A00F3544F /* Info.plist */ = {isa = PBXFileReference; lastKnownFileType = text.plist.xml; path = Info.plist; sourceTree = "<group>"; };
		7EAE26061C3F343A00F3544F /* app1Tests.xctest */ = {isa = PBXFileReference; explicitFileType = wrapper.cfbundle; includeInIndex = 0; path = app1Tests.xctest; sourceTree = BUILT_PRODUCTS_DIR; };
		7EAE260A1C3F343A00F3544F /* app1Tests.swift */ = {isa = PBXFileReference; lastKnownFileType = sourcecode.swift; path = app1Tests.swift; sourceTree = "<group>"; };
		7EAE260C1C3F343A00F3544F /* Info.plist */ = {isa = PBXFileReference; lastKnownFileType = text.plist.xml; path = Info.plist; sourceTree = "<group>"; };
		7EAE26111C3F343A00F3544F /* app1UITests.xctest */ = {isa = PBXFileReference; explicitFileType = wrapper.cfbundle; includeInIndex = 0; path = app1UITests.xctest; sourceTree = BUILT_PRODUCTS_DIR; };
		7EAE26151C3F343A00F3544F /* app1UITests.swift */ = {isa = PBXFileReference; lastKnownFileType = sourcecode.swift; path = app1UITests.swift; sourceTree = "<group>"; };
		7EAE26171C3F343A00F3544F /* Info.plist */ = {isa = PBXFileReference; lastKnownFileType = text.plist.xml; path = Info.plist; sourceTree = "<group>"; };
/* End PBXFileReference section */

/* Begin PBXFrameworksBuildPhase section */
		7EAE25EF1C3F343900F3544F /* Frameworks */ = {
			isa = PBXFrameworksBuildPhase;
			buildActionMask = 2147483647;
			files = (
			);
			runOnlyForDeploymentPostprocessing = 0;
		};
		7EAE26031C3F343A00F3544F /* Frameworks */ = {
			isa = PBXFrameworksBuildPhase;
			buildActionMask = 2147483647;
			files = (
			);
			runOnlyForDeploymentPostprocessing = 0;
		};
		7EAE260E1C3F343A00F3544F /* Frameworks */ = {
			isa = PBXFrameworksBuildPhase;
			buildActionMask = 2147483647;
			files = (
			);
			runOnlyForDeploymentPostprocessing = 0;
		};
/* End PBXFrameworksBuildPhase section */

/* Begin PBXGroup section */
		7EAE25E91C3F343900F3544F = {
			isa = PBXGroup;
			children = (
				7EAE25F41C3F343A00F3544F /* app1 */,
				7EAE26091C3F343A00F3544F /* app1Tests */,
				7EAE26141C3F343A00F3544F /* app1UITests */,
				7EAE25F31C3F343A00F3544F /* Products */,
			);
			sourceTree = "<group>";
		};
		7EAE25F31C3F343A00F3544F /* Products */ = {
			isa = PBXGroup;
			children = (
				7EAE25F21C3F343A00F3544F /* app1.app */,
				7EAE26061C3F343A00F3544F /* app1Tests.xctest */,
				7EAE26111C3F343A00F3544F /* app1UITests.xctest */,
			);
			name = Products;
			sourceTree = "<group>";
		};
		7EAE25F41C3F343A00F3544F /* app1 */ = {
			isa = PBXGroup;
			children = (
				7EAE25F51C3F343A00F3544F /* AppDelegate.swift */,
				7EAE25F71C3F343A00F3544F /* ViewController.swift */,
				7EAE25F91C3F343A00F3544F /* Main.storyboard */,
				7EAE25FC1C3F343A00F3544F /* Assets.xcassets */,
				7EAE25FE1C3F343A00F3544F /* LaunchScreen.storyboard */,
				7EAE26011C3F343A00F3544F /* Info.plist */,
			);
			path = app1;
			sourceTree = "<group>";
		};
		7EAE26091C3F343A00F3544F /* app1Tests */ = {
			isa = PBXGroup;
			children = (
				7EAE260A1C3F343A00F3544F /* app1Tests.swift */,
				7EAE260C1C3F343A00F3544F /* Info.plist */,
			);
			path = app1Tests;
			sourceTree = "<group>";
		};
		7EAE26141C3F343A00F3544F /* app1UITests */ = {
			isa = PBXGroup;
			children = (
				7EAE26151C3F343A00F3544F /* app1UITests.swift */,
				7EAE26171C3F343A00F3544F /* Info.plist */,
			);
			path = app1UITests;
			sourceTree = "<group>";
		};
/* End PBXGroup section */

/* Begin PBXNativeTarget section */
		7EAE25F11C3F343900F3544F /* app1 */ = {
			isa = PBXNativeTarget;
			buildConfigurationList = 7EAE261A1C3F343A00F3544F /* Build configuration list for PBXNativeTarget "app1" */;
			buildPhases = (
				7EAE25EE1C3F343900F3544F /* Sources */,
				7EAE25EF1C3F343900F3544F /* Frameworks */,
				7EAE25F01C3F343900F3544F /* Resources */,
			);
			buildRules = (
			);
			dependencies = (
			);
			name = app1;
			productName = app1;
			productReference = 7EAE25F21C3F343A00F3544F /* app1.app */;
			productType = "com.apple.product-type.application";
		};
		7EAE26051C3F343A00F3544F /* app1Tests */ = {
			isa = PBXNativeTarget;
			buildConfigurationList = 7EAE261D1C3F343A00F3544F /* Build configuration list for PBXNativeTarget "app1Tests" */;
			buildPhases = (
				7EAE26021C3F343A00F3544F /* Sources */,
				7EAE26031C3F343A00F3544F /* Frameworks */,
				7EAE26041C3F343A00F3544F /* Resources */,
			);
			buildRules = (
			);
			dependencies = (
				7EAE26081C3F343A00F3544F /* PBXTargetDependency */,
			);
			name = app1Tests;
			productName = app1Tests;
			productReference = 7EAE26061C3F343A00F3544F /* app1Tests.xctest */;
			productType = "com.apple.product-type.bundle.unit-test";
		};
		7EAE26101C3F343A00F3544F /* app1UITests */ = {
			isa = PBXNativeTarget;
			buildConfigurationList = 7EAE26201C3F343A00F3544F /* Build configuration list for PBXNativeTarget "app1UITests" */;
			buildPhases = (
				7EAE260D1C3F343A00F3544F /* Sources */,
				7EAE260E1C3F343A00F3544F /* Frameworks */,
				7EAE260F1C3F343A00F3544F /* Resources */,
			);
			buildRules = (
			);
			dependencies = (
				7EAE26131C3F343A00F3544F /* PBXTargetDependency */,
			);
			name = app1UITests;
			productName = app1UITests;
			productReference = 7EAE26111C3F343A00F3544F /* app1UITests.xctest */;
			productType = "com.apple.product-type.bundle.ui-testing";
		};
/* End PBXNativeTarget section */

/* Begin PBXProject section */
		7EAE25EA1C3F343900F3544F /* Project object */ = {
			isa = PBXProject;
			attributes = {
				LastSwiftUpdateCheck = 0720;
				LastUpgradeCheck = 0720;
				ORGANIZATIONNAME = lucerogarcia;
				TargetAttributes = {
					7EAE25F11C3F343900F3544F = {
						CreatedOnToolsVersion = 7.2;
					};
					7EAE26051C3F343A00F3544F = {
						CreatedOnToolsVersion = 7.2;
						TestTargetID = 7EAE25F11C3F343900F3544F;
					};
					7EAE26101C3F343A00F3544F = {
						CreatedOnToolsVersion = 7.2;
						TestTargetID = 7EAE25F11C3F343900F3544F;
					};
				};
			};
			buildConfigurationList = 7EAE25ED1C3F343900F3544F /* Build configuration list for PBXProject "app1" */;
			compatibilityVersion = "Xcode 3.2";
			developmentRegion = English;
			hasScannedForEncodings = 0;
			knownRegions = (
				en,
				Base,
			);
			mainGroup = 7EAE25E91C3F343900F3544F;
			productRefGroup = 7EAE25F31C3F343A00F3544F /* Products */;
			projectDirPath = "";
			projectRoot = "";
			targets = (
				7EAE25F11C3F343900F3544F /* app1 */,
				7EAE26051C3F343A00F3544F /* app1Tests */,
				7EAE26101C3F343A00F3544F /* app1UITests */,
			);
		};
/* End PBXProject section */

/* Begin PBXResourcesBuildPhase section */
		7EAE25F01C3F343900F3544F /* Resources */ = {
			isa = PBXResourcesBuildPhase;
			buildActionMask = 2147483647;
			files = (
				7EAE26001C3F343A00F3544F /* LaunchScreen.storyboard in Resources */,
				7EAE25FD1C3F343A00F3544F /* Assets.xcassets in Resources */,
				7EAE25FB1C3F343A00F3544F /* Main.storyboard in Resources */,
			);
			runOnlyForDeploymentPostprocessing = 0;
		};
		7EAE26041C3F343A00F3544F /* Resources */ = {
			isa = PBXResourcesBuildPhase;
			buildActionMask = 2147483647;
			files = (
			);
			runOnlyForDeploymentPostprocessing = 0;
		};
		7EAE260F1C3F343A00F3544F /* Resources */ = {
			isa = PBXResourcesBuildPhase;
			buildActionMask = 2147483647;
			files = (
			);
			runOnlyForDeploymentPostprocessing = 0;
		};
/* End PBXResourcesBuildPhase section */

/* Begin PBXSourcesBuildPhase section */
		7EAE25EE1C3F343900F3544F /* Sources */ = {
			isa = PBXSourcesBuildPhase;
			buildActionMask = 2147483647;
			files = (
				7EAE25F81C3F343A00F3544F /* ViewController.swift in Sources */,
				7EAE25F61C3F343A00F3544F /* AppDelegate.swift in Sources */,
			);
			runOnlyForDeploymentPostprocessing = 0;
		};
		7EAE26021C3F343A00F3544F /* Sources */ = {
			isa = PBXSourcesBuildPhase;
			buildActionMask = 2147483647;
			files = (
				7EAE260B1C3F343A00F3544F /* app1Tests.swift in Sources */,
			);
			runOnlyForDeploymentPostprocessing = 0;
		};
		7EAE260D1C3F343A00F3544F /* Sources */ = {
			isa = PBXSourcesBuildPhase;
			buildActionMask = 2147483647;
			files = (
				7EAE26161C3F343A00F3544F /* app1UITests.swift in Sources */,
			);
			runOnlyForDeploymentPostprocessing = 0;
		};
/* End PBXSourcesBuildPhase section */

/* Begin PBXTargetDependency section */
		7EAE26081C3F343A00F3544F /* PBXTargetDependency */ = {
			isa = PBXTargetDependency;
			target = 7EAE25F11C3F343900F3544F /* app1 */;
			targetProxy = 7EAE26071C3F343A00F3544F /* PBXContainerItemProxy */;
		};
		7EAE26131C3F343A00F3544F /* PBXTargetDependency */ = {
			isa = PBXTargetDependency;
			target = 7EAE25F11C3F343900F3544F /* app1 */;
			targetProxy = 7EAE26121C3F343A00F3544F /* PBXContainerItemProxy */;
		};
/* End PBXTargetDependency section */

/* Begin PBXVariantGroup section */
		7EAE25F91C3F343A00F3544F /* Main.storyboard */ = {
			isa = PBXVariantGroup;
			children = (
				7EAE25FA1C3F343A00F3544F /* Base */,
			);
			name = Main.storyboard;
			sourceTree = "<group>";
		};
		7EAE25FE1C3F343A00F3544F /* LaunchScreen.storyboard */ = {
			isa = PBXVariantGroup;
			children = (
				7EAE25FF1C3F343A00F3544F /* Base */,
			);
			name = LaunchScreen.storyboard;
			sourceTree = "<group>";
		};
/* End PBXVariantGroup section */

/* Begin XCBuildConfiguration section */
		7EAE26181C3F343A00F3544F /* Debug */ = {
			isa = XCBuildConfiguration;
			buildSettings = {
				ALWAYS_SEARCH_USER_PATHS = NO;
				CLANG_CXX_LANGUAGE_STANDARD = "gnu++0x";
				CLANG_CXX_LIBRARY = "libc++";
				CLANG_ENABLE_MODULES = YES;
				CLANG_ENABLE_OBJC_ARC = YES;
				CLANG_WARN_BOOL_CONVERSION = YES;
				CLANG_WARN_CONSTANT_CONVERSION = YES;
				CLANG_WARN_DIRECT_OBJC_ISA_USAGE = YES_ERROR;
				CLANG_WARN_EMPTY_BODY = YES;
				CLANG_WARN_ENUM_CONVERSION = YES;
				CLANG_WARN_INT_CONVERSION = YES;
				CLANG_WARN_OBJC_ROOT_CLASS = YES_ERROR;
				CLANG_WARN_UNREACHABLE_CODE = YES;
				CLANG_WARN__DUPLICATE_METHOD_MATCH = YES;
				"CODE_SIGN_IDENTITY[sdk=iphoneos*]" = "iPhone Developer";
				COPY_PHASE_STRIP = NO;
				DEBUG_INFORMATION_FORMAT = dwarf;
				ENABLE_STRICT_OBJC_MSGSEND = YES;
				ENABLE_TESTABILITY = YES;
				GCC_C_LANGUAGE_STANDARD = gnu99;
				GCC_DYNAMIC_NO_PIC = NO;
				GCC_NO_COMMON_BLOCKS = YES;
				GCC_OPTIMIZATION_LEVEL = 0;
				GCC_PREPROCESSOR_DEFINITIONS = (
					"DEBUG=1",
					"$(inherited)",
				);
				GCC_WARN_64_TO_32_BIT_CONVERSION = YES;
				GCC_WARN_ABOUT_RETURN_TYPE = YES_ERROR;
				GCC_WARN_UNDECLARED_SELECTOR = YES;
				GCC_WARN_UNINITIALIZED_AUTOS = YES_AGGRESSIVE;
				GCC_WARN_UNUSED_FUNCTION = YES;
				GCC_WARN_UNUSED_VARIABLE = YES;
				IPHONEOS_DEPLOYMENT_TARGET = 9.2;
				MTL_ENABLE_DEBUG_INFO = YES;
				ONLY_ACTIVE_ARCH = YES;
				SDKROOT = iphoneos;
				SWIFT_OPTIMIZATION_LEVEL = "-Onone";
			};
			name = Debug;
		};
		7EAE26191C3F343A00F3544F /* Release */ = {
			isa = XCBuildConfiguration;
			buildSettings = {
				ALWAYS_SEARCH_USER_PATHS = NO;
				CLANG_CXX_LANGUAGE_STANDARD = "gnu++0x";
				CLANG_CXX_LIBRARY = "libc++";
				CLANG_ENABLE_MODULES = YES;
				CLANG_ENABLE_OBJC_ARC = YES;
				CLANG_WARN_BOOL_CONVERSION = YES;
				CLANG_WARN_CONSTANT_CONVERSION = YES;
				CLANG_WARN_DIRECT_OBJC_ISA_USAGE = YES_ERROR;
				CLANG_WARN_EMPTY_BODY = YES;
				CLANG_WARN_ENUM_CONVERSION = YES;
				CLANG_WARN_INT_CONVERSION = YES;
				CLANG_WARN_OBJC_ROOT_CLASS = YES_ERROR;
				CLANG_WARN_UNREACHABLE_CODE = YES;
				CLANG_WARN__DUPLICATE_METHOD_MATCH = YES;
				"CODE_SIGN_IDENTITY[sdk=iphoneos*]" = "iPhone Developer";
				COPY_PHASE_STRIP = NO;
				DEBUG_INFORMATION_FORMAT = "dwarf-with-dsym";
				ENABLE_NS_ASSERTIONS = NO;
				ENABLE_STRICT_OBJC_MSGSEND = YES;
				GCC_C_LANGUAGE_STANDARD = gnu99;
				GCC_NO_COMMON_BLOCKS = YES;
				GCC_WARN_64_TO_32_BIT_CONVERSION = YES;
				GCC_WARN_ABOUT_RETURN_TYPE = YES_ERROR;
				GCC_WARN_UNDECLARED_SELECTOR = YES;
				GCC_WARN_UNINITIALIZED_AUTOS = YES_AGGRESSIVE;
				GCC_WARN_UNUSED_FUNCTION = YES;
				GCC_WARN_UNUSED_VARIABLE = YES;
				IPHONEOS_DEPLOYMENT_TARGET = 9.2;
				MTL_ENABLE_DEBUG_INFO = NO;
				SDKROOT = iphoneos;
				VALIDATE_PRODUCT = YES;
			};
			name = Release;
		};
		7EAE261B1C3F343A00F3544F /* Debug */ = {
			isa = XCBuildConfiguration;
			buildSettings = {
				ASSETCATALOG_COMPILER_APPICON_NAME = AppIcon;
				CODE_SIGN_IDENTITY = "iPhone Developer";
				INFOPLIST_FILE = app1/Info.plist;
				LD_RUNPATH_SEARCH_PATHS = "$(inherited) @executable_path/Frameworks";
				PRODUCT_BUNDLE_IDENTIFIER = com.ml.app1;
				PRODUCT_NAME = "$(TARGET_NAME)";
			};
			name = Debug;
		};
		7EAE261C1C3F343A00F3544F /* Release */ = {
			isa = XCBuildConfiguration;
			buildSettings = {
				ASSETCATALOG_COMPILER_APPICON_NAME = AppIcon;
				CODE_SIGN_IDENTITY = "iPhone Developer";
				INFOPLIST_FILE = app1/Info.plist;
				LD_RUNPATH_SEARCH_PATHS = "$(inherited) @executable_path/Frameworks";
				PRODUCT_BUNDLE_IDENTIFIER = com.ml.app1;
				PRODUCT_NAME = "$(TARGET_NAME)";
			};
			name = Release;
		};
		7EAE261E1C3F343A00F3544F /* Debug */ = {
			isa = XCBuildConfiguration;
			buildSettings = {
				BUNDLE_LOADER = "$(TEST_HOST)";
				INFOPLIST_FILE = app1Tests/Info.plist;
				LD_RUNPATH_SEARCH_PATHS = "$(inherited) @executable_path/Frameworks @loader_path/Frameworks";
				PRODUCT_BUNDLE_IDENTIFIER = com.ml.app1Tests;
				PRODUCT_NAME = "$(TARGET_NAME)";
				TEST_HOST = "$(BUILT_PRODUCTS_DIR)/app1.app/app1";
			};
			name = Debug;
		};
		7EAE261F1C3F343A00F3544F /* Release */ = {
			isa = XCBuildConfiguration;
			buildSettings = {
				BUNDLE_LOADER = "$(TEST_HOST)";
				INFOPLIST_FILE = app1Tests/Info.plist;
				LD_RUNPATH_SEARCH_PATHS = "$(inherited) @executable_path/Frameworks @loader_path/Frameworks";
				PRODUCT_BUNDLE_IDENTIFIER = com.ml.app1Tests;
				PRODUCT_NAME = "$(TARGET_NAME)";
				TEST_HOST = "$(BUILT_PRODUCTS_DIR)/app1.app/app1";
			};
			name = Release;
		};
		7EAE26211C3F343A00F3544F /* Debug */ = {
			isa = XCBuildConfiguration;
			buildSettings = {
				INFOPLIST_FILE = app1UITests/Info.plist;
				LD_RUNPATH_SEARCH_PATHS = "$(inherited) @executable_path/Frameworks @loader_path/Frameworks";
				PRODUCT_BUNDLE_IDENTIFIER = com.ml.app1UITests;
				PRODUCT_NAME = "$(TARGET_NAME)";
				TEST_TARGET_NAME = app1;
				USES_XCTRUNNER = YES;
			};
			name = Debug;
		};
		7EAE26221C3F343A00F3544F /* Release */ = {
			isa = XCBuildConfiguration;
			buildSettings = {
				INFOPLIST_FILE = app1UITests/Info.plist;
				LD_RUNPATH_SEARCH_PATHS = "$(inherited) @executable_path/Frameworks @loader_path/Frameworks";
				PRODUCT_BUNDLE_IDENTIFIER = com.ml.app1UITests;
				PRODUCT_NAME = "$(TARGET_NAME)";
				TEST_TARGET_NAME = app1;
				USES_XCTRUNNER = YES;
			};
			name = Release;
		};
/* End XCBuildConfiguration section */

/* Begin XCConfigurationList section */
		7EAE25ED1C3F343900F3544F /* Build configuration list for PBXProject "app1" */ = {
			isa = XCConfigurationList;
			buildConfigurations = (
				7EAE26181C3F343A00F3544F /* Debug */,
				7EAE26191C3F343A00F3544F /* Release */,
			);
			defaultConfigurationIsVisible = 0;
			defaultConfigurationName = Release;
		};
		7EAE261A1C3F343A00F3544F /* Build configuration list for PBXNativeTarget "app1" */ = {
			isa = XCConfigurationList;
			buildConfigurations = (
				7EAE261B1C3F343A00F3544F /* Debug */,
				7EAE261C1C3F343A00F3544F /* Release */,
			);
			defaultConfigurationIsVisible = 0;
			defaultConfigurationName = Release;
		};
		7EAE261D1C3F343A00F3544F /* Build configuration list for PBXNativeTarget "app1Tests" */ = {
			isa = XCConfigurationList;
			buildConfigurations = (
				7EAE261E1C3F343A00F3544F /* Debug */,
				7EAE261F1C3F343A00F3544F /* Release */,
			);
			defaultConfigurationIsVisible = 0;
			defaultConfigurationName = Release;
		};
		7EAE26201C3F343A00F3544F /* Build configuration list for PBXNativeTarget "app1UITests" */ = {
			isa = XCConfigurationList;
			buildConfigurations = (
				7EAE26211C3F343A00F3544F /* Debug */,
				7EAE26221C3F343A00F3544F /* Release */,
			);
			defaultConfigurationIsVisible = 0;
			defaultConfigurationName = Release;
		};
/* End XCConfigurationList section */
	};
	rootObject = 7EAE25EA1C3F343900F3544F /* Project object */;
}
